
Microsoft Visual Studio Solution File, Format Version 12.00
# Visual Studio Version 17
VisualStudioVersion = 17.5.33530.505
MinimumVisualStudioVersion = 10.0.40219.1
Project("{9A19103F-16F7-4668-BE54-9A1E7A4F7556}") = "OneDo", "OneDo\OneDo.csproj", "{6A198797-0CF3-4A84-8DA9-F48112A2552A}"
EndProject
Project("{2150E333-8FDC-42A3-9474-1A3956D46DE8}") = "Plugins", "Plugins", "{8C805029-A198-49E5-9CBD-494BEF663312}"
EndProject
Project("{9A19103F-16F7-4668-BE54-9A1E7A4F7556}") = "SystemPlugin", "Plugins\SystemPlugin\SystemPlugin.csproj", "{DFA1AA92-F183-47D2-AB14-B258DCE22E5B}"
EndProject
Project("{9A19103F-16F7-4668-BE54-9A1E7A4F7556}") = "FTPPlugin", "Plugins\FTPPlugin\FTPPlugin.csproj", "{EF1CE7FC-0C0F-43E2-A479-F981990B1842}"
EndProject
Project("{9A19103F-16F7-4668-BE54-9A1E7A4F7556}") = "ShellPlugin", "Plugins\ShellPlugin\ShellPlugin.csproj", "{B1C72F6D-D515-4F81-9B3B-3A92197616C7}"
EndProject
Project("{9A19103F-16F7-4668-BE54-9A1E7A4F7556}") = "MinioPlugin", "Plugins\MinioPlugin\MinioPlugin.csproj", "{D449EFEA-D965-45E6-8729-C57A28DEFF6F}"
EndProject
Project("{9A19103F-16F7-4668-BE54-9A1E7A4F7556}") = "WakeOnLanPlugin", "Plugins\WakeOnLanPlugin\WakeOnLanPlugin.csproj", "{18F4C00C-C78C-4197-8F17-E660730C49BF}"
EndProject
Project("{9A19103F-16F7-4668-BE54-9A1E7A4F7556}") = "MSAddinCLIPlugin", "Plugins\MSAddinCLIPlugin\MSAddinCLIPlugin.csproj", "{34BA7A3C-CD3C-43C2-8AA7-30AF17097836}"
EndProject
Project("{9A19103F-16F7-4668-BE54-9A1E7A4F7556}") = "ManagedAssemblyListPlugin", "Plugins\ManagedAssemblyListPlugin\ManagedAssemblyListPlugin.csproj", "{9D0CB216-9C73-4006-9923-2970D5EA258C}"
EndProject
Project("{9A19103F-16F7-4668-BE54-9A1E7A4F7556}") = "WatermarkPlugin", "Plugins\WatermarkPlugin\WatermarkPlugin.csproj", "{33E42577-1E1F-45F0-B60B-4245ED20DF1B}"
EndProject
Project("{9A19103F-16F7-4668-BE54-9A1E7A4F7556}") = "ThreeDSMaxPlugin", "Plugins\ThreeDSMaxPlugin\ThreeDSMaxPlugin.csproj", "{034F3B14-EB1C-41E1-95AD-8B1D962B9AC7}"
EndProject
Global
	GlobalSection(SolutionConfigurationPlatforms) = preSolution
		Debug|Any CPU = Debug|Any CPU
		Release|Any CPU = Release|Any CPU
	EndGlobalSection
	GlobalSection(ProjectConfigurationPlatforms) = postSolution
		{6A198797-0CF3-4A84-8DA9-F48112A2552A}.Debug|Any CPU.ActiveCfg = Debug|Any CPU
		{6A198797-0CF3-4A84-8DA9-F48112A2552A}.Debug|Any CPU.Build.0 = Debug|Any CPU
		{6A198797-0CF3-4A84-8DA9-F48112A2552A}.Release|Any CPU.ActiveCfg = Release|Any CPU
		{6A198797-0CF3-4A84-8DA9-F48112A2552A}.Release|Any CPU.Build.0 = Release|Any CPU
		{DFA1AA92-F183-47D2-AB14-B258DCE22E5B}.Debug|Any CPU.ActiveCfg = Debug|Any CPU
		{DFA1AA92-F183-47D2-AB14-B258DCE22E5B}.Debug|Any CPU.Build.0 = Debug|Any CPU
		{DFA1AA92-F183-47D2-AB14-B258DCE22E5B}.Release|Any CPU.ActiveCfg = Release|Any CPU
		{DFA1AA92-F183-47D2-AB14-B258DCE22E5B}.Release|Any CPU.Build.0 = Release|Any CPU
		{EF1CE7FC-0C0F-43E2-A479-F981990B1842}.Debug|Any CPU.ActiveCfg = Debug|Any CPU
		{EF1CE7FC-0C0F-43E2-A479-F981990B1842}.Debug|Any CPU.Build.0 = Debug|Any CPU
		{EF1CE7FC-0C0F-43E2-A479-F981990B1842}.Release|Any CPU.ActiveCfg = Release|Any CPU
		{EF1CE7FC-0C0F-43E2-A479-F981990B1842}.Release|Any CPU.Build.0 = Release|Any CPU
		{B1C72F6D-D515-4F81-9B3B-3A92197616C7}.Debug|Any CPU.ActiveCfg = Debug|Any CPU
		{B1C72F6D-D515-4F81-9B3B-3A92197616C7}.Debug|Any CPU.Build.0 = Debug|Any CPU
		{B1C72F6D-D515-4F81-9B3B-3A92197616C7}.Release|Any CPU.ActiveCfg = Release|Any CPU
		{B1C72F6D-D515-4F81-9B3B-3A92197616C7}.Release|Any CPU.Build.0 = Release|Any CPU
		{D449EFEA-D965-45E6-8729-C57A28DEFF6F}.Debug|Any CPU.ActiveCfg = Debug|Any CPU
		{D449EFEA-D965-45E6-8729-C57A28DEFF6F}.Debug|Any CPU.Build.0 = Debug|Any CPU
		{D449EFEA-D965-45E6-8729-C57A28DEFF6F}.Release|Any CPU.ActiveCfg = Release|Any CPU
		{D449EFEA-D965-45E6-8729-C57A28DEFF6F}.Release|Any CPU.Build.0 = Release|Any CPU
		{18F4C00C-C78C-4197-8F17-E660730C49BF}.Debug|Any CPU.ActiveCfg = Debug|Any CPU
		{18F4C00C-C78C-4197-8F17-E660730C49BF}.Debug|Any CPU.Build.0 = Debug|Any CPU
		{18F4C00C-C78C-4197-8F17-E660730C49BF}.Release|Any CPU.ActiveCfg = Release|Any CPU
		{18F4C00C-C78C-4197-8F17-E660730C49BF}.Release|Any CPU.Build.0 = Release|Any CPU
		{34BA7A3C-CD3C-43C2-8AA7-30AF17097836}.Debug|Any CPU.ActiveCfg = Debug|Any CPU
		{34BA7A3C-CD3C-43C2-8AA7-30AF17097836}.Debug|Any CPU.Build.0 = Debug|Any CPU
		{34BA7A3C-CD3C-43C2-8AA7-30AF17097836}.Release|Any CPU.ActiveCfg = Release|Any CPU
		{34BA7A3C-CD3C-43C2-8AA7-30AF17097836}.Release|Any CPU.Build.0 = Release|Any CPU
		{9D0CB216-9C73-4006-9923-2970D5EA258C}.Debug|Any CPU.ActiveCfg = Debug|Any CPU
		{9D0CB216-9C73-4006-9923-2970D5EA258C}.Debug|Any CPU.Build.0 = Debug|Any CPU
		{9D0CB216-9C73-4006-9923-2970D5EA258C}.Release|Any CPU.ActiveCfg = Release|Any CPU
		{9D0CB216-9C73-4006-9923-2970D5EA258C}.Release|Any CPU.Build.0 = Release|Any CPU
		{33E42577-1E1F-45F0-B60B-4245ED20DF1B}.Debug|Any CPU.ActiveCfg = Debug|Any CPU
		{33E42577-1E1F-45F0-B60B-4245ED20DF1B}.Debug|Any CPU.Build.0 = Debug|Any CPU
		{33E42577-1E1F-45F0-B60B-4245ED20DF1B}.Release|Any CPU.ActiveCfg = Release|Any CPU
		{33E42577-1E1F-45F0-B60B-4245ED20DF1B}.Release|Any CPU.Build.0 = Release|Any CPU
		{034F3B14-EB1C-41E1-95AD-8B1D962B9AC7}.Debug|Any CPU.ActiveCfg = Debug|Any CPU
		{034F3B14-EB1C-41E1-95AD-8B1D962B9AC7}.Debug|Any CPU.Build.0 = Debug|Any CPU
		{034F3B14-EB1C-41E1-95AD-8B1D962B9AC7}.Release|Any CPU.ActiveCfg = Release|Any CPU
		{034F3B14-EB1C-41E1-95AD-8B1D962B9AC7}.Release|Any CPU.Build.0 = Release|Any CPU
	EndGlobalSection
	GlobalSection(SolutionProperties) = preSolution
		HideSolutionNode = FALSE
	EndGlobalSection
	GlobalSection(NestedProjects) = preSolution
		{DFA1AA92-F183-47D2-AB14-B258DCE22E5B} = {8C805029-A198-49E5-9CBD-494BEF663312}
		{EF1CE7FC-0C0F-43E2-A479-F981990B1842} = {8C805029-A198-49E5-9CBD-494BEF663312}
		{B1C72F6D-D515-4F81-9B3B-3A92197616C7} = {8C805029-A198-49E5-9CBD-494BEF663312}
		{D449EFEA-D965-45E6-8729-C57A28DEFF6F} = {8C805029-A198-49E5-9CBD-494BEF663312}
		{18F4C00C-C78C-4197-8F17-E660730C49BF} = {8C805029-A198-49E5-9CBD-494BEF663312}
		{34BA7A3C-CD3C-43C2-8AA7-30AF17097836} = {8C805029-A198-49E5-9CBD-494BEF663312}
		{9D0CB216-9C73-4006-9923-2970D5EA258C} = {8C805029-A198-49E5-9CBD-494BEF663312}
		{33E42577-1E1F-45F0-B60B-4245ED20DF1B} = {8C805029-A198-49E5-9CBD-494BEF663312}
		{034F3B14-EB1C-41E1-95AD-8B1D962B9AC7} = {8C805029-A198-49E5-9CBD-494BEF663312}
	EndGlobalSection
	GlobalSection(ExtensibilityGlobals) = postSolution
		SolutionGuid = {B3DF2C37-2F02-44EA-99A9-62E1DD0DA949}
	EndGlobalSection
EndGlobal
